
Microsoft Visual Studio Solution File, Format Version 12.00
# Visual Studio Version 16
VisualStudioVersion = 16.0.30503.244
MinimumVisualStudioVersion = 10.0.40219.1
Project("{FAE04EC0-301F-11D3-BF4B-00C04F79EFBC}") = "Homework-4_Sept-14-2020", "Homework-4_Sept-14-2020.csproj", "{F8E9AFF2-9DCF-4D2F-9524-98EDA06D6C25}"
EndProject
Global
	GlobalSection(SolutionConfigurationPlatforms) = preSolution
		Debug|Any CPU = Debug|Any CPU
		Release|Any CPU = Release|Any CPU
	EndGlobalSection
	GlobalSection(ProjectConfigurationPlatforms) = postSolution
		{F8E9AFF2-9DCF-4D2F-9524-98EDA06D6C25}.Debug|Any CPU.ActiveCfg = Debug|Any CPU
		{F8E9AFF2-9DCF-4D2F-9524-98EDA06D6C25}.Debug|Any CPU.Build.0 = Debug|Any CPU
		{F8E9AFF2-9DCF-4D2F-9524-98EDA06D6C25}.Release|Any CPU.ActiveCfg = Release|Any CPU
		{F8E9AFF2-9DCF-4D2F-9524-98EDA06D6C25}.Release|Any CPU.Build.0 = Release|Any CPU
	EndGlobalSection
	GlobalSection(SolutionProperties) = preSolution
		HideSolutionNode = FALSE
	EndGlobalSection
	GlobalSection(ExtensibilityGlobals) = postSolution
		SolutionGuid = {793632F0-6C81-404F-8BC7-00952FE75ACD}
	EndGlobalSection
EndGlobal
